
Microsoft Visual Studio Solution File, Format Version 12.00
# Visual Studio Version 17
VisualStudioVersion = 17.9.34616.47
MinimumVisualStudioVersion = 10.0.40219.1
Project("{2150E333-8FDC-42A3-9474-1A3956D46DE8}") = "Consumer", "Consumer", "{B369D52E-16B0-41C8-9D06-7236A5CD02FC}"
EndProject
Project("{2150E333-8FDC-42A3-9474-1A3956D46DE8}") = "Producer", "Producer", "{B0E98203-0281-4DCC-B6DC-39FEFB2CA271}"
EndProject
Project("{FAE04EC0-301F-11D3-BF4B-00C04F79EFBC}") = "RabbitMq.Producer", "Producer\RabbitMq.Producer\RabbitMq.Producer.csproj", "{4E1FE105-920C-4A26-B5C4-9D26818F5428}"
EndProject
Project("{FAE04EC0-301F-11D3-BF4B-00C04F79EFBC}") = "RabbitMq.Consumer", "Consumer\RabbitMq.Consumer\RabbitMq.Consumer.csproj", "{0705F621-690C-4061-98B9-4516B8212F57}"
EndProject
Project("{2150E333-8FDC-42A3-9474-1A3956D46DE8}") = "Common", "Common", "{4C23F042-1A04-41E1-9107-A8291E4F50F3}"
EndProject
Project("{FAE04EC0-301F-11D3-BF4B-00C04F79EFBC}") = "RabbitMq.Common", "Common\RabbitMq.Common\RabbitMq.Common.csproj", "{65CB4090-527B-4562-A96B-1D0C5BAA3430}"
EndProject
Global
	GlobalSection(SolutionConfigurationPlatforms) = preSolution
		Debug|Any CPU = Debug|Any CPU
		Release|Any CPU = Release|Any CPU
	EndGlobalSection
	GlobalSection(ProjectConfigurationPlatforms) = postSolution
		{4E1FE105-920C-4A26-B5C4-9D26818F5428}.Debug|Any CPU.ActiveCfg = Debug|Any CPU
		{4E1FE105-920C-4A26-B5C4-9D26818F5428}.Debug|Any CPU.Build.0 = Debug|Any CPU
		{4E1FE105-920C-4A26-B5C4-9D26818F5428}.Release|Any CPU.ActiveCfg = Release|Any CPU
		{4E1FE105-920C-4A26-B5C4-9D26818F5428}.Release|Any CPU.Build.0 = Release|Any CPU
		{0705F621-690C-4061-98B9-4516B8212F57}.Debug|Any CPU.ActiveCfg = Debug|Any CPU
		{0705F621-690C-4061-98B9-4516B8212F57}.Debug|Any CPU.Build.0 = Debug|Any CPU
		{0705F621-690C-4061-98B9-4516B8212F57}.Release|Any CPU.ActiveCfg = Release|Any CPU
		{0705F621-690C-4061-98B9-4516B8212F57}.Release|Any CPU.Build.0 = Release|Any CPU
		{65CB4090-527B-4562-A96B-1D0C5BAA3430}.Debug|Any CPU.ActiveCfg = Debug|Any CPU
		{65CB4090-527B-4562-A96B-1D0C5BAA3430}.Debug|Any CPU.Build.0 = Debug|Any CPU
		{65CB4090-527B-4562-A96B-1D0C5BAA3430}.Release|Any CPU.ActiveCfg = Release|Any CPU
		{65CB4090-527B-4562-A96B-1D0C5BAA3430}.Release|Any CPU.Build.0 = Release|Any CPU
	EndGlobalSection
	GlobalSection(SolutionProperties) = preSolution
		HideSolutionNode = FALSE
	EndGlobalSection
	GlobalSection(NestedProjects) = preSolution
		{4E1FE105-920C-4A26-B5C4-9D26818F5428} = {B0E98203-0281-4DCC-B6DC-39FEFB2CA271}
		{0705F621-690C-4061-98B9-4516B8212F57} = {B369D52E-16B0-41C8-9D06-7236A5CD02FC}
		{65CB4090-527B-4562-A96B-1D0C5BAA3430} = {4C23F042-1A04-41E1-9107-A8291E4F50F3}
	EndGlobalSection
	GlobalSection(ExtensibilityGlobals) = postSolution
		SolutionGuid = {E629E1AC-1A23-4A9E-B97C-F67AB8B5277D}
	EndGlobalSection
EndGlobal
